{
  "pins" : [
    {
      "identity" : "swift-argument-parser",
      "kind" : "remoteSourceControl",
      "location" : "https://github.com/apple/swift-argument-parser.git",
      "state" : {
        "revision" : "fee6933f37fde9a5e12a1e4aeaa93fe60116ff2a",
        "version" : "1.2.2"
      }
    },
    {
      "identity" : "swiftlintfix",
      "kind" : "remoteSourceControl",
      "location" : "https://github.com/GoodHatsLLC/SwiftLintFix",
      "state" : {
        "revision" : "0314761a4be0a0b1e89ee2050f2b4dccd51b0e74",
        "version" : "0.1.0"
      }
    }
  ],
  "version" : 2
}
